[[package]]
name = "appnope"
version = "0.1.0"
description = "Disable App Nap on OS X 10.9"
category = "main"
optional = false
python-versions = "*"

[[package]]
name = "asttokens"
version = "2.0.5"
description = "Annotate AST trees with source code positions"
category = "main"
optional = false
python-versions = "*"

[package.dependencies]
six = "*"

[package.extras]
test = ["astroid", "pytest"]

[[package]]
name = "backcall"
version = "0.1.0"
description = "Specifications for callback functions passed in to an API"
category = "main"
optional = false
python-versions = "*"

[[package]]
name = "black"
version = "22.1.0"
description = "The uncompromising code formatter."
category = "main"
optional = false
python-versions = ">=3.6.2"

[package.dependencies]
click = ">=8.0.0"
mypy-extensions = ">=0.4.3"
pathspec = ">=0.9.0"
platformdirs = ">=2"
tomli = ">=1.1.0"
typing-extensions = {version = ">=3.10.0.0", markers = "python_version < \"3.10\""}

[package.extras]
colorama = ["colorama (>=0.4.3)"]
d = ["aiohttp (>=3.7.4)"]
jupyter = ["ipython (>=7.8.0)", "tokenize-rt (>=3.2.0)"]
uvloop = ["uvloop (>=0.15.2)"]

[[package]]
name = "click"
version = "8.0.3"
description = "Composable command line interface toolkit"
category = "main"
optional = false
python-versions = ">=3.6"

[package.dependencies]
colorama = {version = "*", markers = "platform_system == \"Windows\""}

[[package]]
name = "colorama"
version = "0.4.4"
description = "Cross-platform colored terminal text."
category = "main"
optional = false
python-versions = ">=2.7, !=3.0.*, !=3.1.*, !=3.2.*, !=3.3.*, !=3.4.*"

[[package]]
name = "debugpy"
version = "1.5.1"
description = "An implementation of the Debug Adapter Protocol for Python"
category = "main"
optional = false
python-versions = ">=2.7,!=3.0.*,!=3.1.*,!=3.2.*,!=3.3.*,!=3.4.*"

[[package]]
name = "decorator"
version = "4.4.0"
description = "Better living through Python with decorators"
category = "main"
optional = false
python-versions = ">=2.6, !=3.0.*, !=3.1.*"

[[package]]
name = "executing"
version = "0.8.2"
description = "Get the currently executing AST node of a frame, and other information"
category = "main"
optional = false
python-versions = "*"

[[package]]
name = "ipykernel"
version = "6.9.0"
description = "IPython Kernel for Jupyter"
category = "main"
optional = false
python-versions = ">=3.7"

[package.dependencies]
appnope = {version = "*", markers = "platform_system == \"Darwin\""}
debugpy = ">=1.0.0,<2.0"
ipython = ">=7.23.1"
jupyter-client = "<8.0"
matplotlib-inline = ">=0.1.0,<0.2.0"
nest-asyncio = "*"
tornado = ">=4.2,<7.0"
traitlets = ">=5.1.0,<6.0"

[package.extras]
test = ["pytest (!=5.3.4)", "pytest-cov", "flaky", "ipyparallel"]

[[package]]
name = "ipython"
version = "8.0.1"
description = "IPython: Productive Interactive Computing"
category = "main"
optional = false
python-versions = ">=3.8"

[package.dependencies]
appnope = {version = "*", markers = "sys_platform == \"darwin\""}
backcall = "*"
black = "*"
colorama = {version = "*", markers = "sys_platform == \"win32\""}
decorator = "*"
jedi = ">=0.16"
matplotlib-inline = "*"
pexpect = {version = ">4.3", markers = "sys_platform != \"win32\""}
pickleshare = "*"
prompt-toolkit = ">=2.0.0,<3.0.0 || >3.0.0,<3.0.1 || >3.0.1,<3.1.0"
pygments = "*"
stack-data = "*"
traitlets = ">=5"

[package.extras]
all = ["Sphinx (>=1.3)", "curio", "ipykernel", "ipyparallel", "ipywidgets", "matplotlib (!=3.2.0)", "nbconvert", "nbformat", "notebook", "numpy (>=1.19)", "pandas", "pygments", "pytest", "pytest-asyncio", "qtconsole", "testpath", "trio"]
doc = ["Sphinx (>=1.3)"]
kernel = ["ipykernel"]
nbconvert = ["nbconvert"]
nbformat = ["nbformat"]
notebook = ["notebook", "ipywidgets"]
parallel = ["ipyparallel"]
qtconsole = ["qtconsole"]
test = ["pytest", "pytest-asyncio", "testpath", "pygments"]
test_extra = ["pytest", "testpath", "curio", "matplotlib (!=3.2.0)", "nbformat", "numpy (>=1.19)", "pandas", "pygments", "trio"]

[[package]]
name = "jedi"
version = "0.18.1"
description = "An autocompletion tool for Python that can be used for text editors."
category = "main"
optional = false
python-versions = ">=3.6"

[package.dependencies]
parso = ">=0.8.0,<0.9.0"

[package.extras]
qa = ["flake8 (==3.8.3)", "mypy (==0.782)"]
testing = ["Django (<3.1)", "colorama", "docopt", "pytest (<7.0.0)"]

[[package]]
name = "jupyter-client"
version = "5.2.4"
description = "Jupyter protocol implementation and client libraries"
category = "main"
optional = false
python-versions = ">=2.7, !=3.0.*, !=3.1.*, !=3.2.*"

[package.dependencies]
jupyter-core = "*"
python-dateutil = ">=2.1"
pyzmq = ">=13"
tornado = ">=4.1"
traitlets = "*"

[package.extras]
test = ["ipykernel", "ipython", "mock", "pytest", "pytest (<3.3.0)"]

[[package]]
name = "jupyter-core"
version = "4.4.0"
description = "Jupyter core package. A base package on which Jupyter projects rely."
category = "main"
optional = false
python-versions = "*"

[package.dependencies]
traitlets = "*"

[[package]]
name = "matplotlib-inline"
version = "0.1.3"
description = "Inline Matplotlib backend for Jupyter"
category = "main"
optional = false
python-versions = ">=3.5"

[package.dependencies]
traitlets = "*"

[[package]]
name = "mypy-extensions"
version = "0.4.3"
description = "Experimental type system extensions for programs checked with the mypy typechecker."
category = "main"
optional = false
python-versions = "*"

[[package]]
name = "nest-asyncio"
version = "1.5.4"
description = "Patch asyncio to allow nested event loops"
category = "main"
optional = false
python-versions = ">=3.5"

[[package]]
name = "parso"
version = "0.8.3"
description = "A Python Parser"
category = "main"
optional = false
python-versions = ">=3.6"

[package.extras]
qa = ["flake8 (==3.8.3)", "mypy (==0.782)"]
testing = ["docopt", "pytest (<6.0.0)"]

[[package]]
name = "pathspec"
version = "0.9.0"
description = "Utility library for gitignore style pattern matching of file paths."
category = "main"
optional = false
python-versions = "!=3.0.*,!=3.1.*,!=3.2.*,!=3.3.*,!=3.4.*,>=2.7"

[[package]]
name = "pexpect"
version = "4.6.0"
description = "Pexpect allows easy control of interactive console applications."
category = "main"
optional = false
python-versions = "*"

[package.dependencies]
ptyprocess = ">=0.5"

[[package]]
name = "pickleshare"
version = "0.7.5"
description = "Tiny 'shelve'-like database with concurrency support"
category = "main"
optional = false
python-versions = "*"

[[package]]
name = "platformdirs"
version = "2.5.0"
description = "A small Python module for determining appropriate platform-specific dirs, e.g. a \"user data dir\"."
category = "main"
optional = false
python-versions = ">=3.7"

[package.extras]
docs = ["Sphinx (>=4)", "furo (>=2021.7.5b38)", "proselint (>=0.10.2)", "sphinx-autodoc-typehints (>=1.12)"]
test = ["appdirs (==1.4.4)", "pytest (>=6)", "pytest-cov (>=2.7)", "pytest-mock (>=3.6)"]

[[package]]
name = "prompt-toolkit"
version = "2.0.9"
description = "Library for building powerful interactive command lines in Python"
category = "main"
optional = false
python-versions = "*"

[package.dependencies]
six = ">=1.9.0"
wcwidth = "*"

[[package]]
name = "ptyprocess"
version = "0.6.0"
description = "Run a subprocess in a pseudo terminal"
category = "main"
optional = false
python-versions = "*"

[[package]]
name = "pure-eval"
version = "0.2.2"
description = "Safely evaluate AST nodes without side effects"
category = "main"
optional = false
python-versions = "*"

[package.extras]
tests = ["pytest"]

[[package]]
name = "pygments"
version = "2.3.1"
description = "Pygments is a syntax highlighting package written in Python."
category = "main"
optional = false
python-versions = "*"

[[package]]
name = "python-dateutil"
version = "2.8.0"
description = "Extensions to the standard Python datetime module"
category = "main"
optional = false
python-versions = ">=2.7, !=3.0.*, !=3.1.*, !=3.2.*"

[package.dependencies]
six = ">=1.5"

[[package]]
name = "pyzmq"
version = "18.0.1"
description = "Python bindings for 0MQ"
category = "main"
optional = false
python-versions = ">=2.7,!=3.0*,!=3.1*,!=3.2*"

[[package]]
name = "six"
version = "1.12.0"
description = "Python 2 and 3 compatibility utilities"
category = "main"
optional = false
python-versions = ">=2.6, !=3.0.*, !=3.1.*"

[[package]]
name = "stack-data"
version = "0.1.4"
description = "Extract data from python stack frames and tracebacks for informative displays"
category = "main"
optional = false
python-versions = "*"

[package.dependencies]
asttokens = "*"
executing = "*"
pure-eval = "*"

[package.extras]
tests = ["pytest", "typeguard", "pygments", "littleutils"]

[[package]]
name = "tomli"
version = "2.0.1"
description = "A lil' TOML parser"
category = "main"
optional = false
python-versions = ">=3.7"

[[package]]
name = "tornado"
version = "6.0.2"
description = "Tornado is a Python web framework and asynchronous networking library, originally developed at FriendFeed."
category = "main"
optional = false
python-versions = ">= 3.5"

[[package]]
name = "traitlets"
version = "5.1.1"
description = "Traitlets Python configuration system"
category = "main"
optional = false
python-versions = ">=3.7"

[package.extras]
test = ["pytest"]

[[package]]
name = "typing-extensions"
version = "4.1.1"
description = "Backported and Experimental Type Hints for Python 3.6+"
category = "main"
optional = false
python-versions = ">=3.6"

[[package]]
name = "wcwidth"
version = "0.1.7"
description = "Measures number of Terminal column cells of wide-character codes"
category = "main"
optional = false
python-versions = "*"

[metadata]
lock-version = "1.1"
python-versions = "^3.8"
content-hash = "d4df0c8b74d2a973668eef971080ca31eceecfd8180d258bcfb866c95ab343db"

[metadata.files]
appnope = [
    {file = "appnope-0.1.0-py2.py3-none-any.whl", hash = "sha256:5b26757dc6f79a3b7dc9fab95359328d5747fcb2409d331ea66d0272b90ab2a0"},
    {file = "appnope-0.1.0.tar.gz", hash = "sha256:8b995ffe925347a2138d7ac0fe77155e4311a0ea6d6da4f5128fe4b3cbe5ed71"},
]
asttokens = [
    {file = "asttokens-2.0.5-py2.py3-none-any.whl", hash = "sha256:0844691e88552595a6f4a4281a9f7f79b8dd45ca4ccea82e5e05b4bbdb76705c"},
    {file = "asttokens-2.0.5.tar.gz", hash = "sha256:9a54c114f02c7a9480d56550932546a3f1fe71d8a02f1bc7ccd0ee3ee35cf4d5"},
]
backcall = [
    {file = "backcall-0.1.0.tar.gz", hash = "sha256:38ecd85be2c1e78f77fd91700c76e14667dc21e2713b63876c0eb901196e01e4"},
    {file = "backcall-0.1.0.zip", hash = "sha256:bbbf4b1e5cd2bdb08f915895b51081c041bac22394fdfcfdfbe9f14b77c08bf2"},
]
black = [
    {file = "black-22.1.0-cp310-cp310-macosx_10_9_universal2.whl", hash = "sha256:1297c63b9e1b96a3d0da2d85d11cd9bf8664251fd69ddac068b98dc4f34f73b6"},
    {file = "black-22.1.0-cp310-cp310-macosx_10_9_x86_64.whl", hash = "sha256:2ff96450d3ad9ea499fc4c60e425a1439c2120cbbc1ab959ff20f7c76ec7e866"},
    {file = "black-22.1.0-cp310-cp310-macosx_11_0_arm64.whl", hash = "sha256:0e21e1f1efa65a50e3960edd068b6ae6d64ad6235bd8bfea116a03b21836af71"},
    {file = "black-22.1.0-cp310-cp310-manylinux_2_17_x86_64.manylinux2014_x86_64.whl", hash = "sha256:e2f69158a7d120fd641d1fa9a921d898e20d52e44a74a6fbbcc570a62a6bc8ab"},
    {file = "black-22.1.0-cp310-cp310-win_amd64.whl", hash = "sha256:228b5ae2c8e3d6227e4bde5920d2fc66cc3400fde7bcc74f480cb07ef0b570d5"},
    {file = "black-22.1.0-cp36-cp36m-macosx_10_9_x86_64.whl", hash = "sha256:b1a5ed73ab4c482208d20434f700d514f66ffe2840f63a6252ecc43a9bc77e8a"},
    {file = "black-22.1.0-cp36-cp36m-manylinux_2_17_x86_64.manylinux2014_x86_64.whl", hash = "sha256:35944b7100af4a985abfcaa860b06af15590deb1f392f06c8683b4381e8eeaf0"},
    {file = "black-22.1.0-cp36-cp36m-win_amd64.whl", hash = "sha256:7835fee5238fc0a0baf6c9268fb816b5f5cd9b8793423a75e8cd663c48d073ba"},
    {file = "black-22.1.0-cp37-cp37m-macosx_10_9_x86_64.whl", hash = "sha256:dae63f2dbf82882fa3b2a3c49c32bffe144970a573cd68d247af6560fc493ae1"},
    {file = "black-22.1.0-cp37-cp37m-manylinux_2_17_x86_64.manylinux2014_x86_64.whl", hash = "sha256:5fa1db02410b1924b6749c245ab38d30621564e658297484952f3d8a39fce7e8"},
    {file = "black-22.1.0-cp37-cp37m-win_amd64.whl", hash = "sha256:c8226f50b8c34a14608b848dc23a46e5d08397d009446353dad45e04af0c8e28"},
    {file = "black-22.1.0-cp38-cp38-macosx_10_9_universal2.whl", hash = "sha256:2d6f331c02f0f40aa51a22e479c8209d37fcd520c77721c034517d44eecf5912"},
    {file = "black-22.1.0-cp38-cp38-macosx_10_9_x86_64.whl", hash = "sha256:742ce9af3086e5bd07e58c8feb09dbb2b047b7f566eb5f5bc63fd455814979f3"},
    {file = "black-22.1.0-cp38-cp38-macosx_11_0_arm64.whl", hash = "sha256:fdb8754b453fb15fad3f72cd9cad3e16776f0964d67cf30ebcbf10327a3777a3"},
    {file = "black-22.1.0-cp38-cp38-manylinux_2_17_x86_64.manylinux2014_x86_64.whl", hash = "sha256:f5660feab44c2e3cb24b2419b998846cbb01c23c7fe645fee45087efa3da2d61"},
    {file = "black-22.1.0-cp38-cp38-win_amd64.whl", hash = "sha256:6f2f01381f91c1efb1451998bd65a129b3ed6f64f79663a55fe0e9b74a5f81fd"},
    {file = "black-22.1.0-cp39-cp39-macosx_10_9_universal2.whl", hash = "sha256:efbadd9b52c060a8fc3b9658744091cb33c31f830b3f074422ed27bad2b18e8f"},
    {file = "black-22.1.0-cp39-cp39-macosx_10_9_x86_64.whl", hash = "sha256:8871fcb4b447206904932b54b567923e5be802b9b19b744fdff092bd2f3118d0"},
    {file = "black-22.1.0-cp39-cp39-macosx_11_0_arm64.whl", hash = "sha256:ccad888050f5393f0d6029deea2a33e5ae371fd182a697313bdbd835d3edaf9c"},
    {file = "black-22.1.0-cp39-cp39-manylinux_2_17_x86_64.manylinux2014_x86_64.whl", hash = "sha256:07e5c049442d7ca1a2fc273c79d1aecbbf1bc858f62e8184abe1ad175c4f7cc2"},
    {file = "black-22.1.0-cp39-cp39-win_amd64.whl", hash = "sha256:373922fc66676133ddc3e754e4509196a8c392fec3f5ca4486673e685a421321"},
    {file = "black-22.1.0-py3-none-any.whl", hash = "sha256:3524739d76b6b3ed1132422bf9d82123cd1705086723bc3e235ca39fd21c667d"},
    {file = "black-22.1.0.tar.gz", hash = "sha256:a7c0192d35635f6fc1174be575cb7915e92e5dd629ee79fdaf0dcfa41a80afb5"},
]
click = [
    {file = "click-8.0.3-py3-none-any.whl", hash = "sha256:353f466495adaeb40b6b5f592f9f91cb22372351c84caeb068132442a4518ef3"},
    {file = "click-8.0.3.tar.gz", hash = "sha256:410e932b050f5eed773c4cda94de75971c89cdb3155a72a0831139a79e5ecb5b"},
]
colorama = [
    {file = "colorama-0.4.4-py2.py3-none-any.whl", hash = "sha256:9f47eda37229f68eee03b24b9748937c7dc3868f906e8ba69fbcbdd3bc5dc3e2"},
    {file = "colorama-0.4.4.tar.gz", hash = "sha256:5941b2b48a20143d2267e95b1c2a7603ce057ee39fd88e7329b0c292aa16869b"},
]
debugpy = [
    {file = "debugpy-1.5.1-cp310-cp310-manylinux_2_5_x86_64.manylinux1_x86_64.manylinux_2_12_x86_64.manylinux2010_x86_64.whl", hash = "sha256:70b422c63a833630c33e3f9cdbd9b6971f8c5afd452697e464339a21bbe862ba"},
    {file = "debugpy-1.5.1-cp310-cp310-win32.whl", hash = "sha256:3a457ad9c0059a21a6c7d563c1f18e924f5cf90278c722bd50ede6f56b77c7fe"},
    {file = "debugpy-1.5.1-cp310-cp310-win_amd64.whl", hash = "sha256:5d76a4fd028d8009c3faf1185b4b78ceb2273dd2499447664b03939e0368bb90"},
    {file = "debugpy-1.5.1-cp36-cp36m-macosx_10_15_x86_64.whl", hash = "sha256:16db27b4b91991442f91d73604d32080b30de655aca9ba821b1972ea8171021b"},
    {file = "debugpy-1.5.1-cp36-cp36m-manylinux_2_5_x86_64.manylinux1_x86_64.manylinux_2_12_x86_64.manylinux2010_x86_64.whl", hash = "sha256:2b073ad5e8d8c488fbb6a116986858bab0c9c4558f28deb8832c7a5a27405bd6"},
    {file = "debugpy-1.5.1-cp36-cp36m-win32.whl", hash = "sha256:318f81f37341e4e054b4267d39896b73cddb3612ca13b39d7eea45af65165e1d"},
    {file = "debugpy-1.5.1-cp36-cp36m-win_amd64.whl", hash = "sha256:b5b3157372e0e0a1297a8b6b5280bcf1d35a40f436c7973771c972726d1e32d5"},
    {file = "debugpy-1.5.1-cp37-cp37m-macosx_10_15_x86_64.whl", hash = "sha256:1ec3a086e14bba6c472632025b8fe5bdfbaef2afa1ebd5c6615ce6ed8d89bc67"},
    {file = "debugpy-1.5.1-cp37-cp37m-manylinux_2_5_x86_64.manylinux1_x86_64.manylinux_2_12_x86_64.manylinux2010_x86_64.whl", hash = "sha256:26fbe53cca45a608679094791ce587b6e2798acd1d4777a8b303b07622e85182"},
    {file = "debugpy-1.5.1-cp37-cp37m-win32.whl", hash = "sha256:d876db8c312eeb02d85611e0f696abe66a2c1515e6405943609e725d5ff36f2a"},
    {file = "debugpy-1.5.1-cp37-cp37m-win_amd64.whl", hash = "sha256:4404a62fb5332ea5c8c9132290eef50b3a0ba38cecacad5529e969a783bcbdd7"},
    {file = "debugpy-1.5.1-cp38-cp38-macosx_10_15_x86_64.whl", hash = "sha256:f3a3dca9104aa14fd4210edcce6d9ce2b65bd9618c0b222135a40b9d6e2a9eeb"},
    {file = "debugpy-1.5.1-cp38-cp38-manylinux_2_5_x86_64.manylinux1_x86_64.manylinux_2_12_x86_64.manylinux2010_x86_64.whl", hash = "sha256:b2df2c373e85871086bd55271c929670cd4e1dba63e94a08d442db830646203b"},
    {file = "debugpy-1.5.1-cp38-cp38-win32.whl", hash = "sha256:82f5f9ce93af6861a0713f804e62ab390bb12a17f113153e47fea8bbb1dfbe36"},
    {file = "debugpy-1.5.1-cp38-cp38-win_amd64.whl", hash = "sha256:17a25ce9d7714f92fc97ef00cc06269d7c2b163094990ada30156ed31d9a5030"},
    {file = "debugpy-1.5.1-cp39-cp39-macosx_10_15_x86_64.whl", hash = "sha256:01e98c594b3e66d529e40edf314f849cd1a21f7a013298df58cd8e263bf8e184"},
    {file = "debugpy-1.5.1-cp39-cp39-manylinux_2_5_x86_64.manylinux1_x86_64.manylinux_2_12_x86_64.manylinux2010_x86_64.whl", hash = "sha256:f73988422b17f071ad3c4383551ace1ba5ed810cbab5f9c362783d22d40a08dc"},
    {file = "debugpy-1.5.1-cp39-cp39-win32.whl", hash = "sha256:23df67fc56d59e386c342428a7953c2c06cc226d8525b11319153e96afb65b0c"},
    {file = "debugpy-1.5.1-cp39-cp39-win_amd64.whl", hash = "sha256:a2aa64f6d2ca7ded8a7e8a4e7cae3bc71866b09876b7b05cecad231779cb9156"},
    {file = "debugpy-1.5.1-py2.py3-none-any.whl", hash = "sha256:194f95dd3e84568b5489aab5689a3a2c044e8fdc06f1890b8b4f70b6b89f2778"},
    {file = "debugpy-1.5.1.zip", hash = "sha256:d2b09e91fbd1efa4f4fda121d49af89501beda50c18ed7499712c71a4bf3452e"},
]
decorator = [
    {file = "decorator-4.4.0-py2.py3-none-any.whl", hash = "sha256:f069f3a01830ca754ba5258fde2278454a0b5b79e0d7f5c13b3b97e57d4acff6"},
    {file = "decorator-4.4.0.tar.gz", hash = "sha256:86156361c50488b84a3f148056ea716ca587df2f0de1d34750d35c21312725de"},
]
executing = [
    {file = "executing-0.8.2-py2.py3-none-any.whl", hash = "sha256:32fc6077b103bd19e6494a72682d66d5763cf20a106d5aa7c5ccbea4e47b0df7"},
    {file = "executing-0.8.2.tar.gz", hash = "sha256:c23bf42e9a7b9b212f185b1b2c3c91feb895963378887bb10e64a2e612ec0023"},
]
ipykernel = [
    {file = "ipykernel-6.9.0-py3-none-any.whl", hash = "sha256:1626b91c50e4605555ac6e5b29f1e5206d299a4a4a21483770a181be97f0f0e0"},
    {file = "ipykernel-6.9.0.tar.gz", hash = "sha256:b556e292dc6fa223f24328b1c936b9c921fafcc2f420bb0d6cfdfc42eaa90225"},
]
ipython = [
    {file = "ipython-8.0.1-py3-none-any.whl", hash = "sha256:c503a0dd6ccac9c8c260b211f2dd4479c042b49636b097cc9a0d55fe62dff64c"},
    {file = "ipython-8.0.1.tar.gz", hash = "sha256:ab564d4521ea8ceaac26c3a2c6e5ddbca15c8848fd5a5cc325f960da88d42974"},
]
jedi = [
    {file = "jedi-0.18.1-py2.py3-none-any.whl", hash = "sha256:637c9635fcf47945ceb91cd7f320234a7be540ded6f3e99a50cb6febdfd1ba8d"},
    {file = "jedi-0.18.1.tar.gz", hash = "sha256:74137626a64a99c8eb6ae5832d99b3bdd7d29a3850fe2aa80a4126b2a7d949ab"},
]
jupyter-client = [
    {file = "jupyter_client-5.2.4-py2.py3-none-any.whl", hash = "sha256:c44411eb1463ed77548bc2d5ec0d744c9b81c4a542d9637c7a52824e2121b987"},
    {file = "jupyter_client-5.2.4.tar.gz", hash = "sha256:b5f9cb06105c1d2d30719db5ffb3ea67da60919fb68deaefa583deccd8813551"},
]
jupyter-core = [
    {file = "jupyter_core-4.4.0-py2.py3-none-any.whl", hash = "sha256:927d713ffa616ea11972534411544589976b2493fc7e09ad946e010aa7eb9970"},
    {file = "jupyter_core-4.4.0.tar.gz", hash = "sha256:ba70754aa680300306c699790128f6fbd8c306ee5927976cbe48adacf240c0b7"},
]
matplotlib-inline = [
    {file = "matplotlib-inline-0.1.3.tar.gz", hash = "sha256:a04bfba22e0d1395479f866853ec1ee28eea1485c1d69a6faf00dc3e24ff34ee"},
    {file = "matplotlib_inline-0.1.3-py3-none-any.whl", hash = "sha256:aed605ba3b72462d64d475a21a9296f400a19c4f74a31b59103d2a99ffd5aa5c"},
]
mypy-extensions = [
    {file = "mypy_extensions-0.4.3-py2.py3-none-any.whl", hash = "sha256:090fedd75945a69ae91ce1303b5824f428daf5a028d2f6ab8a299250a846f15d"},
    {file = "mypy_extensions-0.4.3.tar.gz", hash = "sha256:2d82818f5bb3e369420cb3c4060a7970edba416647068eb4c5343488a6c604a8"},
]
nest-asyncio = [
    {file = "nest_asyncio-1.5.4-py3-none-any.whl", hash = "sha256:3fdd0d6061a2bb16f21fe8a9c6a7945be83521d81a0d15cff52e9edee50101d6"},
    {file = "nest_asyncio-1.5.4.tar.gz", hash = "sha256:f969f6013a16fadb4adcf09d11a68a4f617c6049d7af7ac2c676110169a63abd"},
]
parso = [
    {file = "parso-0.8.3-py2.py3-none-any.whl", hash = "sha256:c001d4636cd3aecdaf33cbb40aebb59b094be2a74c556778ef5576c175e19e75"},
    {file = "parso-0.8.3.tar.gz", hash = "sha256:8c07be290bb59f03588915921e29e8a50002acaf2cdc5fa0e0114f91709fafa0"},
]
pathspec = [
    {file = "pathspec-0.9.0-py2.py3-none-any.whl", hash = "sha256:7d15c4ddb0b5c802d161efc417ec1a2558ea2653c2e8ad9c19098201dc1c993a"},
    {file = "pathspec-0.9.0.tar.gz", hash = "sha256:e564499435a2673d586f6b2130bb5b95f04a3ba06f81b8f895b651a3c76aabb1"},
]
pexpect = [
    {file = "pexpect-4.6.0-py2.py3-none-any.whl", hash = "sha256:3fbd41d4caf27fa4a377bfd16fef87271099463e6fa73e92a52f92dfee5d425b"},
    {file = "pexpect-4.6.0.tar.gz", hash = "sha256:2a8e88259839571d1251d278476f3eec5db26deb73a70be5ed5dc5435e418aba"},
]
pickleshare = [
    {file = "pickleshare-0.7.5-py2.py3-none-any.whl", hash = "sha256:9649af414d74d4df115d5d718f82acb59c9d418196b7b4290ed47a12ce62df56"},
    {file = "pickleshare-0.7.5.tar.gz", hash = "sha256:87683d47965c1da65cdacaf31c8441d12b8044cdec9aca500cd78fc2c683afca"},
]
platformdirs = [
    {file = "platformdirs-2.5.0-py3-none-any.whl", hash = "sha256:30671902352e97b1eafd74ade8e4a694782bd3471685e78c32d0fdfd3aa7e7bb"},
    {file = "platformdirs-2.5.0.tar.gz", hash = "sha256:8ec11dfba28ecc0715eb5fb0147a87b1bf325f349f3da9aab2cd6b50b96b692b"},
]
prompt-toolkit = [
    {file = "prompt_toolkit-2.0.9-py2-none-any.whl", hash = "sha256:977c6583ae813a37dc1c2e1b715892461fcbdaa57f6fc62f33a528c4886c8f55"},
    {file = "prompt_toolkit-2.0.9-py3-none-any.whl", hash = "sha256:11adf3389a996a6d45cc277580d0d53e8a5afd281d0c9ec71b28e6f121463780"},
    {file = "prompt_toolkit-2.0.9.tar.gz", hash = "sha256:2519ad1d8038fd5fc8e770362237ad0364d16a7650fb5724af6997ed5515e3c1"},
]
ptyprocess = [
    {file = "ptyprocess-0.6.0-py2.py3-none-any.whl", hash = "sha256:d7cc528d76e76342423ca640335bd3633420dc1366f258cb31d05e865ef5ca1f"},
    {file = "ptyprocess-0.6.0.tar.gz", hash = "sha256:923f299cc5ad920c68f2bc0bc98b75b9f838b93b599941a6b63ddbc2476394c0"},
]
pure-eval = [
    {file = "pure_eval-0.2.2-py3-none-any.whl", hash = "sha256:01eaab343580944bc56080ebe0a674b39ec44a945e6d09ba7db3cb8cec289350"},
    {file = "pure_eval-0.2.2.tar.gz", hash = "sha256:2b45320af6dfaa1750f543d714b6d1c520a1688dec6fd24d339063ce0aaa9ac3"},
]
pygments = [
    {file = "Pygments-2.3.1-py2.py3-none-any.whl", hash = "sha256:e8218dd399a61674745138520d0d4cf2621d7e032439341bc3f647bff125818d"},
    {file = "Pygments-2.3.1.tar.gz", hash = "sha256:5ffada19f6203563680669ee7f53b64dabbeb100eb51b61996085e99c03b284a"},
]
python-dateutil = [
    {file = "python-dateutil-2.8.0.tar.gz", hash = "sha256:c89805f6f4d64db21ed966fda138f8a5ed7a4fdbc1a8ee329ce1b74e3c74da9e"},
    {file = "python_dateutil-2.8.0-py2.py3-none-any.whl", hash = "sha256:7e6584c74aeed623791615e26efd690f29817a27c73085b78e4bad02493df2fb"},
]
pyzmq = [
    {file = "pyzmq-18.0.1-cp27-cp27m-macosx_10_6_intel.whl", hash = "sha256:5e2a3707c69a7281a9957f83718815fd74698cba31f6d69f9ed359921f662221"},
    {file = "pyzmq-18.0.1-cp27-cp27m-win32.whl", hash = "sha256:f59bc782228777cbfe04555707a9c56d269c787ed25d6d28ed9d0fbb41cb1ad2"},
    {file = "pyzmq-18.0.1-cp27-cp27m-win_amd64.whl", hash = "sha256:89dc0a83cccec19ff3c62c091e43e66e0183d1e6b4658c16ee4e659518131494"},
    {file = "pyzmq-18.0.1-cp27-cp27mu-manylinux1_i686.whl", hash = "sha256:e926d66f0df8fdbf03ba20583af0f215e475c667fb033d45fd031c66c63e34c9"},
    {file = "pyzmq-18.0.1-cp27-cp27mu-manylinux1_x86_64.whl", hash = "sha256:824ee5d3078c4eae737ffc500fbf32f2b14e6ec89b26b435b7834febd70120cf"},
    {file = "pyzmq-18.0.1-cp34-cp34m-win32.whl", hash = "sha256:ca434e1858fe222380221ddeb81e86f45522773344c9da63c311d17161df5e06"},
    {file = "pyzmq-18.0.1-cp34-cp34m-win_amd64.whl", hash = "sha256:d4b8ecfc3d92f114f04d5c40f60a65e5196198b827503341521dda12d8b14939"},
    {file = "pyzmq-18.0.1-cp35-cp35m-macosx_10_6_intel.whl", hash = "sha256:c69b0055c55702f5b0b6b354133e8325b9a56dbc80e1be2d240bead253fb9825"},
    {file = "pyzmq-18.0.1-cp35-cp35m-manylinux1_i686.whl", hash = "sha256:1651e52ed91f0736afd6d94ef9f3259b5534ce8beddb054f3d5ca989c4ef7c4f"},
    {file = "pyzmq-18.0.1-cp35-cp35m-manylinux1_x86_64.whl", hash = "sha256:dbd264298f76b9060ce537008eb989317ca787c857e23cbd1b3ddf89f190a9b1"},
    {file = "pyzmq-18.0.1-cp35-cp35m-win32.whl", hash = "sha256:efc3bd48237f973a749f7312f68062f1b4ca5c2032a0673ca3ea8e46aa77187b"},
    {file = "pyzmq-18.0.1-cp35-cp35m-win_amd64.whl", hash = "sha256:a7a89591ae315baccb8072f216614b3e59aed7385aef4393a6c741783d6ee9cf"},
    {file = "pyzmq-18.0.1-cp36-cp36m-macosx_10_6_intel.whl", hash = "sha256:63d51add9af8d0442dc90f916baf98fdc04e3b0a32afec4bfc83f8d85e72959f"},
    {file = "pyzmq-18.0.1-cp36-cp36m-manylinux1_i686.whl", hash = "sha256:a0a178c7420021fc0730180a914a4b4b3092ce9696ceb8e72d0f60f8ce1655dd"},
    {file = "pyzmq-18.0.1-cp36-cp36m-manylinux1_x86_64.whl", hash = "sha256:5e120c4cd3872e332fb35d255ad5998ebcee32ace4387b1b337416b6b90436c7"},
    {file = "pyzmq-18.0.1-cp36-cp36m-win32.whl", hash = "sha256:d706025c47b09a54f005953ebe206f6d07a22516776faa4f509aaff681cc5468"},
    {file = "pyzmq-18.0.1-cp36-cp36m-win_amd64.whl", hash = "sha256:d8f27e958f8a2c0c8ffd4d8855c3ce8ac3fa1e105f0491ce31729aa2b3229740"},
    {file = "pyzmq-18.0.1-cp37-cp37m-macosx_10_9_x86_64.whl", hash = "sha256:5ccb9b3d4cd20c000a9b75689d5add8cd3bce67fcbd0f8ae1b59345247d803af"},
    {file = "pyzmq-18.0.1-cp37-cp37m-manylinux1_i686.whl", hash = "sha256:7d79427e82d9dad6e9b47c0b3e7ae5f9d489b1601e3a36ea629bb49501a4daf3"},
    {file = "pyzmq-18.0.1-cp37-cp37m-manylinux1_x86_64.whl", hash = "sha256:90facfb379ab47f94b19519c1ecc8ec8d10813b69d9c163117944948bdec5d15"},
    {file = "pyzmq-18.0.1-cp37-cp37m-win32.whl", hash = "sha256:66828fabe911aa545d919028441a585edb7c9c77969a5fea6722ef6e6ece38ab"},
    {file = "pyzmq-18.0.1-cp37-cp37m-win_amd64.whl", hash = "sha256:f8da5322f4ff5f667a0d5a27e871b560c6637153c81e318b35cb012b2a98835c"},
    {file = "pyzmq-18.0.1-pp270-pypy_41-macosx_10_14_x86_64.whl", hash = "sha256:ba2578f0ae582452c02ed9fac2dc477b08e80ce05d2c0885becf5fff6651ccb0"},
    {file = "pyzmq-18.0.1-pp370-pypy3_70-macosx_10_14_x86_64.whl", hash = "sha256:65c5a0bdc49e20f7d6b03a661f71e2fda7a99c51270cafe71598146d09810d0d"},
    {file = "pyzmq-18.0.1.tar.gz", hash = "sha256:8b319805f6f7c907b101c864c3ca6cefc9db8ce0791356f180b1b644c7347e4c"},
]
six = [
    {file = "six-1.12.0-py2.py3-none-any.whl", hash = "sha256:3350809f0555b11f552448330d0b52d5f24c91a322ea4a15ef22629740f3761c"},
    {file = "six-1.12.0.tar.gz", hash = "sha256:d16a0141ec1a18405cd4ce8b4613101da75da0e9a7aec5bdd4fa804d0e0eba73"},
]
stack-data = [
    {file = "stack_data-0.1.4-py3-none-any.whl", hash = "sha256:02cc0683cbc445ae4ca8c4e3a0e58cb1df59f252efb0aa016b34804a707cf9bc"},
    {file = "stack_data-0.1.4.tar.gz", hash = "sha256:7769ed2482ce0030e00175dd1bf4ef1e873603b6ab61cd3da443b410e64e9477"},
]
tomli = [
    {file = "tomli-2.0.1-py3-none-any.whl", hash = "sha256:939de3e7a6161af0c887ef91b7d41a53e7c5a1ca976325f429cb46ea9bc30ecc"},
    {file = "tomli-2.0.1.tar.gz", hash = "sha256:de526c12914f0c550d15924c62d72abc48d6fe7364aa87328337a31007fe8a4f"},
]
tornado = [
    {file = "tornado-6.0.2-cp35-cp35m-win32.whl", hash = "sha256:44b82bc1146a24e5b9853d04c142576b4e8fa7a92f2e30bc364a85d1f75c4de2"},
    {file = "tornado-6.0.2-cp35-cp35m-win_amd64.whl", hash = "sha256:2613fab506bd2aedb3722c8c64c17f8f74f4070afed6eea17f20b2115e445aec"},
    {file = "tornado-6.0.2-cp36-cp36m-win32.whl", hash = "sha256:8c2f40b99a8153893793559919a355d7b74649a11e59f411b0b0a1793e160bc0"},
    {file = "tornado-6.0.2-cp36-cp36m-win_amd64.whl", hash = "sha256:e1d897889c3b5a829426b7d52828fb37b28bc181cd598624e65c8be40ee3f7fa"},
    {file = "tornado-6.0.2-cp37-cp37m-win32.whl", hash = "sha256:49603e1a6e24104961497ad0c07c799aec1caac7400a6762b687e74c8206677d"},
    {file = "tornado-6.0.2-cp37-cp37m-win_amd64.whl", hash = "sha256:1174dcb84d08887b55defb2cda1986faeeea715fff189ef3dc44cce99f5fca6b"},
    {file = "tornado-6.0.2.tar.gz", hash = "sha256:457fcbee4df737d2defc181b9073758d73f54a6cfc1f280533ff48831b39f4a8"},
]
traitlets = [
    {file = "traitlets-5.1.1-py3-none-any.whl", hash = "sha256:2d313cc50a42cd6c277e7d7dc8d4d7fedd06a2c215f78766ae7b1a66277e0033"},
    {file = "traitlets-5.1.1.tar.gz", hash = "sha256:059f456c5a7c1c82b98c2e8c799f39c9b8128f6d0d46941ee118daace9eb70c7"},
]
typing-extensions = [
    {file = "typing_extensions-4.1.1-py3-none-any.whl", hash = "sha256:21c85e0fe4b9a155d0799430b0ad741cdce7e359660ccbd8b530613e8df88ce2"},
    {file = "typing_extensions-4.1.1.tar.gz", hash = "sha256:1a9462dcc3347a79b1f1c0271fbe79e844580bb598bafa1ed208b94da3cdcd42"},
]
wcwidth = [
    {file = "wcwidth-0.1.7-py2.py3-none-any.whl", hash = "sha256:f4ebe71925af7b40a864553f761ed559b43544f8f71746c2d756c7fe788ade7c"},
    {file = "wcwidth-0.1.7.tar.gz", hash = "sha256:3df37372226d6e63e1b1e1eda15c594bca98a22d33a23832a90998faa96bc65e"},
]
